// !$*UTF8*$!
{
	archiveVersion = 1;
	classes = {
	};
	objectVersion = 46;
	objects = {

/* Begin PBXFileReference section */
		1953B86A1851409900179AA4 /* imtochar.m */ = {isa = PBXFileReference; lastKnownFileType = sourcecode.c.objc; path = imtochar.m; sourceTree = "<group>"; };
		1953B86B1851409900179AA4 /* imtochar2.m */ = {isa = PBXFileReference; lastKnownFileType = sourcecode.c.objc; path = imtochar2.m; sourceTree = "<group>"; };
		1953B86C1851409900179AA4 /* videotochar.m */ = {isa = PBXFileReference; lastKnownFileType = sourcecode.c.objc; path = videotochar.m; sourceTree = "<group>"; };
/* End PBXFileReference section */

/* Begin PBXGroup section */
		1953B8631851408C00179AA4 = {
			isa = PBXGroup;
			children = (
				1953B86A1851409900179AA4 /* imtochar.m */,
				1953B86B1851409900179AA4 /* imtochar2.m */,
				1953B86C1851409900179AA4 /* videotochar.m */,
			);
			sourceTree = "<group>";
		};
/* End PBXGroup section */

/* Begin PBXProject section */
		1953B8641851408C00179AA4 /* Project object */ = {
			isa = PBXProject;
			attributes = {
				LastUpgradeCheck = 0500;
			};
			buildConfigurationList = 1953B8671851408C00179AA4 /* Build configuration list for PBXProject "char_ed video" */;
			compatibilityVersion = "Xcode 3.2";
			developmentRegion = English;
			hasScannedForEncodings = 0;
			knownRegions = (
				en,
			);
			mainGroup = 1953B8631851408C00179AA4;
			projectDirPath = "";
			projectRoot = "";
			targets = (
			);
		};
/* End PBXProject section */

/* Begin XCBuildConfiguration section */
		1953B8681851408C00179AA4 /* Debug */ = {
			isa = XCBuildConfiguration;
			buildSettings = {
			};
			name = Debug;
		};
		1953B8691851408C00179AA4 /* Release */ = {
			isa = XCBuildConfiguration;
			buildSettings = {
			};
			name = Release;
		};
/* End XCBuildConfiguration section */

/* Begin XCConfigurationList section */
		1953B8671851408C00179AA4 /* Build configuration list for PBXProject "char_ed video" */ = {
			isa = XCConfigurationList;
			buildConfigurations = (
				1953B8681851408C00179AA4 /* Debug */,
				1953B8691851408C00179AA4 /* Release */,
			);
			defaultConfigurationIsVisible = 0;
			defaultConfigurationName = Release;
		};
/* End XCConfigurationList section */
	};
	rootObject = 1953B8641851408C00179AA4 /* Project object */;
}
